
Microsoft Visual Studio Solution File, Format Version 12.00
# Visual Studio 15
VisualStudioVersion = 15.0.28307.539
MinimumVisualStudioVersion = 10.0.40219.1
Project("{FAE04EC0-301F-11D3-BF4B-00C04F79EFBC}") = "DataAccessLayer", "DataAccessLayer\DataAccessLayer.csproj", "{4638F585-8DF2-4071-9B63-E96137691CB8}"
EndProject
Project("{FAE04EC0-301F-11D3-BF4B-00C04F79EFBC}") = "EntitiesLayer", "EntitiesLayer\EntitiesLayer.csproj", "{2EE61DAD-09B4-4D5C-9304-20A50936FE6E}"
EndProject
Project("{FAE04EC0-301F-11D3-BF4B-00C04F79EFBC}") = "PresentationLayer", "PresentationLayer\PresentationLayer.csproj", "{DE75472F-2F86-4BB0-BF25-FE38A9D07610}"
EndProject
Global
	GlobalSection(SolutionConfigurationPlatforms) = preSolution
		Debug|Any CPU = Debug|Any CPU
		Release|Any CPU = Release|Any CPU
	EndGlobalSection
	GlobalSection(ProjectConfigurationPlatforms) = postSolution
		{4638F585-8DF2-4071-9B63-E96137691CB8}.Debug|Any CPU.ActiveCfg = Debug|Any CPU
		{4638F585-8DF2-4071-9B63-E96137691CB8}.Debug|Any CPU.Build.0 = Debug|Any CPU
		{4638F585-8DF2-4071-9B63-E96137691CB8}.Release|Any CPU.ActiveCfg = Release|Any CPU
		{4638F585-8DF2-4071-9B63-E96137691CB8}.Release|Any CPU.Build.0 = Release|Any CPU
		{2EE61DAD-09B4-4D5C-9304-20A50936FE6E}.Debug|Any CPU.ActiveCfg = Debug|Any CPU
		{2EE61DAD-09B4-4D5C-9304-20A50936FE6E}.Debug|Any CPU.Build.0 = Debug|Any CPU
		{2EE61DAD-09B4-4D5C-9304-20A50936FE6E}.Release|Any CPU.ActiveCfg = Release|Any CPU
		{2EE61DAD-09B4-4D5C-9304-20A50936FE6E}.Release|Any CPU.Build.0 = Release|Any CPU
		{DE75472F-2F86-4BB0-BF25-FE38A9D07610}.Debug|Any CPU.ActiveCfg = Debug|Any CPU
		{DE75472F-2F86-4BB0-BF25-FE38A9D07610}.Debug|Any CPU.Build.0 = Debug|Any CPU
		{DE75472F-2F86-4BB0-BF25-FE38A9D07610}.Release|Any CPU.ActiveCfg = Release|Any CPU
		{DE75472F-2F86-4BB0-BF25-FE38A9D07610}.Release|Any CPU.Build.0 = Release|Any CPU
	EndGlobalSection
	GlobalSection(SolutionProperties) = preSolution
		HideSolutionNode = FALSE
	EndGlobalSection
	GlobalSection(ExtensibilityGlobals) = postSolution
		SolutionGuid = {7E2BB438-7E48-402C-AA17-3B1729011856}
	EndGlobalSection
EndGlobal
